
Microsoft Visual Studio Solution File, Format Version 12.00
# Visual Studio Version 16
VisualStudioVersion = 16.0.31229.75
MinimumVisualStudioVersion = 10.0.40219.1
Project("{2150E333-8FDC-42A3-9474-1A3956D46DE8}") = "src", "src", "{B822A51B-ED6B-4FF7-8A76-C0D7A4D4E031}"
EndProject
Project("{2150E333-8FDC-42A3-9474-1A3956D46DE8}") = "global", "global", "{EF9B53B9-A035-4849-A9EF-386FDF440A7C}"
EndProject
Project("{9A19103F-16F7-4668-BE54-9A1E7A4F7556}") = "Bitir.Dal", "Bitir.Dal\Bitir.Dal.csproj", "{9A275958-8590-438A-97CF-1813173D5151}"
EndProject
Project("{9A19103F-16F7-4668-BE54-9A1E7A4F7556}") = "Core", "Core\Core.csproj", "{75060E68-1D3E-4B46-B49E-A47F3187197B}"
EndProject
Project("{9A19103F-16F7-4668-BE54-9A1E7A4F7556}") = "Bitir.Business", "Bitir.Business\Bitir.Business.csproj", "{3666CD28-FCB0-4ED8-8821-2C1C3A1F00F1}"
EndProject
Project("{9A19103F-16F7-4668-BE54-9A1E7A4F7556}") = "Bitir.Api", "Bitir.Api\Bitir.Api.csproj", "{7FC372F2-8B41-486F-87E2-139896E4C7E9}"
EndProject
Project("{9A19103F-16F7-4668-BE54-9A1E7A4F7556}") = "Bitir.Entity", "Bitir.Entity\Bitir.Entity.csproj", "{1732EDE0-E25A-4670-8F00-CAD135460203}"
EndProject
Project("{2150E333-8FDC-42A3-9474-1A3956D46DE8}") = "Modules", "Modules", "{B70AF737-A9E5-4E72-93C3-02A860B3293B}"
EndProject
Project("{FAE04EC0-301F-11D3-BF4B-00C04F79EFBC}") = "AuthModule", "AuthModule\AuthModule.csproj", "{15E3677A-DDB0-4D00-99D4-B43B414C67E5}"
EndProject
Project("{FAE04EC0-301F-11D3-BF4B-00C04F79EFBC}") = "BaseModule", "BaseModule\BaseModule.csproj", "{9552DF18-6712-4934-9C0E-8FCFE1A41D66}"
EndProject
Global
	GlobalSection(SolutionConfigurationPlatforms) = preSolution
		Debug|Any CPU = Debug|Any CPU
		Release|Any CPU = Release|Any CPU
	EndGlobalSection
	GlobalSection(ProjectConfigurationPlatforms) = postSolution
		{9A275958-8590-438A-97CF-1813173D5151}.Debug|Any CPU.ActiveCfg = Debug|Any CPU
		{9A275958-8590-438A-97CF-1813173D5151}.Debug|Any CPU.Build.0 = Debug|Any CPU
		{9A275958-8590-438A-97CF-1813173D5151}.Release|Any CPU.ActiveCfg = Release|Any CPU
		{9A275958-8590-438A-97CF-1813173D5151}.Release|Any CPU.Build.0 = Release|Any CPU
		{75060E68-1D3E-4B46-B49E-A47F3187197B}.Debug|Any CPU.ActiveCfg = Debug|Any CPU
		{75060E68-1D3E-4B46-B49E-A47F3187197B}.Debug|Any CPU.Build.0 = Debug|Any CPU
		{75060E68-1D3E-4B46-B49E-A47F3187197B}.Release|Any CPU.ActiveCfg = Release|Any CPU
		{75060E68-1D3E-4B46-B49E-A47F3187197B}.Release|Any CPU.Build.0 = Release|Any CPU
		{3666CD28-FCB0-4ED8-8821-2C1C3A1F00F1}.Debug|Any CPU.ActiveCfg = Debug|Any CPU
		{3666CD28-FCB0-4ED8-8821-2C1C3A1F00F1}.Debug|Any CPU.Build.0 = Debug|Any CPU
		{3666CD28-FCB0-4ED8-8821-2C1C3A1F00F1}.Release|Any CPU.ActiveCfg = Release|Any CPU
		{3666CD28-FCB0-4ED8-8821-2C1C3A1F00F1}.Release|Any CPU.Build.0 = Release|Any CPU
		{7FC372F2-8B41-486F-87E2-139896E4C7E9}.Debug|Any CPU.ActiveCfg = Debug|Any CPU
		{7FC372F2-8B41-486F-87E2-139896E4C7E9}.Debug|Any CPU.Build.0 = Debug|Any CPU
		{7FC372F2-8B41-486F-87E2-139896E4C7E9}.Release|Any CPU.ActiveCfg = Release|Any CPU
		{7FC372F2-8B41-486F-87E2-139896E4C7E9}.Release|Any CPU.Build.0 = Release|Any CPU
		{1732EDE0-E25A-4670-8F00-CAD135460203}.Debug|Any CPU.ActiveCfg = Debug|Any CPU
		{1732EDE0-E25A-4670-8F00-CAD135460203}.Debug|Any CPU.Build.0 = Debug|Any CPU
		{1732EDE0-E25A-4670-8F00-CAD135460203}.Release|Any CPU.ActiveCfg = Release|Any CPU
		{1732EDE0-E25A-4670-8F00-CAD135460203}.Release|Any CPU.Build.0 = Release|Any CPU
		{15E3677A-DDB0-4D00-99D4-B43B414C67E5}.Debug|Any CPU.ActiveCfg = Debug|Any CPU
		{15E3677A-DDB0-4D00-99D4-B43B414C67E5}.Debug|Any CPU.Build.0 = Debug|Any CPU
		{15E3677A-DDB0-4D00-99D4-B43B414C67E5}.Release|Any CPU.ActiveCfg = Release|Any CPU
		{15E3677A-DDB0-4D00-99D4-B43B414C67E5}.Release|Any CPU.Build.0 = Release|Any CPU
		{9552DF18-6712-4934-9C0E-8FCFE1A41D66}.Debug|Any CPU.ActiveCfg = Debug|Any CPU
		{9552DF18-6712-4934-9C0E-8FCFE1A41D66}.Debug|Any CPU.Build.0 = Debug|Any CPU
		{9552DF18-6712-4934-9C0E-8FCFE1A41D66}.Release|Any CPU.ActiveCfg = Release|Any CPU
		{9552DF18-6712-4934-9C0E-8FCFE1A41D66}.Release|Any CPU.Build.0 = Release|Any CPU
	EndGlobalSection
	GlobalSection(SolutionProperties) = preSolution
		HideSolutionNode = FALSE
	EndGlobalSection
	GlobalSection(NestedProjects) = preSolution
		{9A275958-8590-438A-97CF-1813173D5151} = {B822A51B-ED6B-4FF7-8A76-C0D7A4D4E031}
		{75060E68-1D3E-4B46-B49E-A47F3187197B} = {B822A51B-ED6B-4FF7-8A76-C0D7A4D4E031}
		{3666CD28-FCB0-4ED8-8821-2C1C3A1F00F1} = {B822A51B-ED6B-4FF7-8A76-C0D7A4D4E031}
		{7FC372F2-8B41-486F-87E2-139896E4C7E9} = {B822A51B-ED6B-4FF7-8A76-C0D7A4D4E031}
		{1732EDE0-E25A-4670-8F00-CAD135460203} = {B822A51B-ED6B-4FF7-8A76-C0D7A4D4E031}
		{15E3677A-DDB0-4D00-99D4-B43B414C67E5} = {B70AF737-A9E5-4E72-93C3-02A860B3293B}
		{9552DF18-6712-4934-9C0E-8FCFE1A41D66} = {B70AF737-A9E5-4E72-93C3-02A860B3293B}
	EndGlobalSection
	GlobalSection(ExtensibilityGlobals) = postSolution
		SolutionGuid = {D4FEDCFE-ACD5-4A8A-9C76-5E0477397A1B}
	EndGlobalSection
EndGlobal
