
Microsoft Visual Studio Solution File, Format Version 12.00
# Visual Studio Version 16
VisualStudioVersion = 16.0.31229.75
MinimumVisualStudioVersion = 10.0.40219.1
Project("{2150E333-8FDC-42A3-9474-1A3956D46DE8}") = "src", "src", "{B822A51B-ED6B-4FF7-8A76-C0D7A4D4E031}"
EndProject
Project("{2150E333-8FDC-42A3-9474-1A3956D46DE8}") = "global", "global", "{EF9B53B9-A035-4849-A9EF-386FDF440A7C}"
EndProject
Project("{9A19103F-16F7-4668-BE54-9A1E7A4F7556}") = "Bitir.Dal", "Bitir.Dal\Bitir.Dal.csproj", "{9A275958-8590-438A-97CF-1813173D5151}"
EndProject
Project("{9A19103F-16F7-4668-BE54-9A1E7A4F7556}") = "Core", "Core\Core.csproj", "{75060E68-1D3E-4B46-B49E-A47F3187197B}"
EndProject
Project("{9A19103F-16F7-4668-BE54-9A1E7A4F7556}") = "Bitir.Business", "Bitir.Business\Bitir.Business.csproj", "{3666CD28-FCB0-4ED8-8821-2C1C3A1F00F1}"
EndProject
Project("{9A19103F-16F7-4668-BE54-9A1E7A4F7556}") = "Bitir.Api", "Bitir.Api\Bitir.Api.csproj", "{7FC372F2-8B41-486F-87E2-139896E4C7E9}"
EndProject
Project("{9A19103F-16F7-4668-BE54-9A1E7A4F7556}") = "Bitir.Entity", "Bitir.Entity\Bitir.Entity.csproj", "{1732EDE0-E25A-4670-8F00-CAD135460203}"
EndProject
Project("{2150E333-8FDC-42A3-9474-1A3956D46DE8}") = "Modules", "Modules", "{B70AF737-A9E5-4E72-93C3-02A860B3293B}"
EndProject
Project("{9A19103F-16F7-4668-BE54-9A1E7A4F7556}") = "AuthModule", "AuthModule\AuthModule.csproj", "{15E3677A-DDB0-4D00-99D4-B43B414C67E5}"
EndProject
Project("{9A19103F-16F7-4668-BE54-9A1E7A4F7556}") = "BaseModule", "BaseModule\BaseModule.csproj", "{9552DF18-6712-4934-9C0E-8FCFE1A41D66}"
EndProject
Project("{2150E333-8FDC-42A3-9474-1A3956D46DE8}") = "Mobile", "Mobile", "{05FC3F2A-25C1-4597-9F72-FE323584B656}"
EndProject
Project("{FAE04EC0-301F-11D3-BF4B-00C04F79EFBC}") = "Bitir.Mobile.Android", "Bitir.Mobile\Bitir.Mobile.Android\Bitir.Mobile.Android.csproj", "{021285C8-4154-45B7-8023-2DB344D4B583}"
EndProject
Project("{FAE04EC0-301F-11D3-BF4B-00C04F79EFBC}") = "Bitir.Mobile.iOS", "Bitir.Mobile\Bitir.Mobile.iOS\Bitir.Mobile.iOS.csproj", "{2F32B27A-1D40-41FA-9643-03273655D069}"
EndProject
Project("{9A19103F-16F7-4668-BE54-9A1E7A4F7556}") = "Bitir.Mobile", "Bitir.Mobile\Bitir.Mobile\Bitir.Mobile.csproj", "{F4A12DED-5AC3-46DE-BD7C-C758B4DF8605}"
EndProject
Global
	GlobalSection(SolutionConfigurationPlatforms) = preSolution
		Debug|Any CPU = Debug|Any CPU
		Debug|iPhone = Debug|iPhone
		Debug|iPhoneSimulator = Debug|iPhoneSimulator
		Release|Any CPU = Release|Any CPU
		Release|iPhone = Release|iPhone
		Release|iPhoneSimulator = Release|iPhoneSimulator
	EndGlobalSection
	GlobalSection(ProjectConfigurationPlatforms) = postSolution
		{9A275958-8590-438A-97CF-1813173D5151}.Debug|Any CPU.ActiveCfg = Debug|Any CPU
		{9A275958-8590-438A-97CF-1813173D5151}.Debug|Any CPU.Build.0 = Debug|Any CPU
		{9A275958-8590-438A-97CF-1813173D5151}.Debug|iPhone.ActiveCfg = Debug|Any CPU
		{9A275958-8590-438A-97CF-1813173D5151}.Debug|iPhone.Build.0 = Debug|Any CPU
		{9A275958-8590-438A-97CF-1813173D5151}.Debug|iPhoneSimulator.ActiveCfg = Debug|Any CPU
		{9A275958-8590-438A-97CF-1813173D5151}.Debug|iPhoneSimulator.Build.0 = Debug|Any CPU
		{9A275958-8590-438A-97CF-1813173D5151}.Release|Any CPU.ActiveCfg = Release|Any CPU
		{9A275958-8590-438A-97CF-1813173D5151}.Release|Any CPU.Build.0 = Release|Any CPU
		{9A275958-8590-438A-97CF-1813173D5151}.Release|iPhone.ActiveCfg = Release|Any CPU
		{9A275958-8590-438A-97CF-1813173D5151}.Release|iPhone.Build.0 = Release|Any CPU
		{9A275958-8590-438A-97CF-1813173D5151}.Release|iPhoneSimulator.ActiveCfg = Release|Any CPU
		{9A275958-8590-438A-97CF-1813173D5151}.Release|iPhoneSimulator.Build.0 = Release|Any CPU
		{75060E68-1D3E-4B46-B49E-A47F3187197B}.Debug|Any CPU.ActiveCfg = Debug|Any CPU
		{75060E68-1D3E-4B46-B49E-A47F3187197B}.Debug|Any CPU.Build.0 = Debug|Any CPU
		{75060E68-1D3E-4B46-B49E-A47F3187197B}.Debug|iPhone.ActiveCfg = Debug|Any CPU
		{75060E68-1D3E-4B46-B49E-A47F3187197B}.Debug|iPhone.Build.0 = Debug|Any CPU
		{75060E68-1D3E-4B46-B49E-A47F3187197B}.Debug|iPhoneSimulator.ActiveCfg = Debug|Any CPU
		{75060E68-1D3E-4B46-B49E-A47F3187197B}.Debug|iPhoneSimulator.Build.0 = Debug|Any CPU
		{75060E68-1D3E-4B46-B49E-A47F3187197B}.Release|Any CPU.ActiveCfg = Release|Any CPU
		{75060E68-1D3E-4B46-B49E-A47F3187197B}.Release|Any CPU.Build.0 = Release|Any CPU
		{75060E68-1D3E-4B46-B49E-A47F3187197B}.Release|iPhone.ActiveCfg = Release|Any CPU
		{75060E68-1D3E-4B46-B49E-A47F3187197B}.Release|iPhone.Build.0 = Release|Any CPU
		{75060E68-1D3E-4B46-B49E-A47F3187197B}.Release|iPhoneSimulator.ActiveCfg = Release|Any CPU
		{75060E68-1D3E-4B46-B49E-A47F3187197B}.Release|iPhoneSimulator.Build.0 = Release|Any CPU
		{3666CD28-FCB0-4ED8-8821-2C1C3A1F00F1}.Debug|Any CPU.ActiveCfg = Debug|Any CPU
		{3666CD28-FCB0-4ED8-8821-2C1C3A1F00F1}.Debug|Any CPU.Build.0 = Debug|Any CPU
		{3666CD28-FCB0-4ED8-8821-2C1C3A1F00F1}.Debug|iPhone.ActiveCfg = Debug|Any CPU
		{3666CD28-FCB0-4ED8-8821-2C1C3A1F00F1}.Debug|iPhone.Build.0 = Debug|Any CPU
		{3666CD28-FCB0-4ED8-8821-2C1C3A1F00F1}.Debug|iPhoneSimulator.ActiveCfg = Debug|Any CPU
		{3666CD28-FCB0-4ED8-8821-2C1C3A1F00F1}.Debug|iPhoneSimulator.Build.0 = Debug|Any CPU
		{3666CD28-FCB0-4ED8-8821-2C1C3A1F00F1}.Release|Any CPU.ActiveCfg = Release|Any CPU
		{3666CD28-FCB0-4ED8-8821-2C1C3A1F00F1}.Release|Any CPU.Build.0 = Release|Any CPU
		{3666CD28-FCB0-4ED8-8821-2C1C3A1F00F1}.Release|iPhone.ActiveCfg = Release|Any CPU
		{3666CD28-FCB0-4ED8-8821-2C1C3A1F00F1}.Release|iPhone.Build.0 = Release|Any CPU
		{3666CD28-FCB0-4ED8-8821-2C1C3A1F00F1}.Release|iPhoneSimulator.ActiveCfg = Release|Any CPU
		{3666CD28-FCB0-4ED8-8821-2C1C3A1F00F1}.Release|iPhoneSimulator.Build.0 = Release|Any CPU
		{7FC372F2-8B41-486F-87E2-139896E4C7E9}.Debug|Any CPU.ActiveCfg = Debug|Any CPU
		{7FC372F2-8B41-486F-87E2-139896E4C7E9}.Debug|Any CPU.Build.0 = Debug|Any CPU
		{7FC372F2-8B41-486F-87E2-139896E4C7E9}.Debug|iPhone.ActiveCfg = Debug|Any CPU
		{7FC372F2-8B41-486F-87E2-139896E4C7E9}.Debug|iPhone.Build.0 = Debug|Any CPU
		{7FC372F2-8B41-486F-87E2-139896E4C7E9}.Debug|iPhoneSimulator.ActiveCfg = Debug|Any CPU
		{7FC372F2-8B41-486F-87E2-139896E4C7E9}.Debug|iPhoneSimulator.Build.0 = Debug|Any CPU
		{7FC372F2-8B41-486F-87E2-139896E4C7E9}.Release|Any CPU.ActiveCfg = Release|Any CPU
		{7FC372F2-8B41-486F-87E2-139896E4C7E9}.Release|Any CPU.Build.0 = Release|Any CPU
		{7FC372F2-8B41-486F-87E2-139896E4C7E9}.Release|iPhone.ActiveCfg = Release|Any CPU
		{7FC372F2-8B41-486F-87E2-139896E4C7E9}.Release|iPhone.Build.0 = Release|Any CPU
		{7FC372F2-8B41-486F-87E2-139896E4C7E9}.Release|iPhoneSimulator.ActiveCfg = Release|Any CPU
		{7FC372F2-8B41-486F-87E2-139896E4C7E9}.Release|iPhoneSimulator.Build.0 = Release|Any CPU
		{1732EDE0-E25A-4670-8F00-CAD135460203}.Debug|Any CPU.ActiveCfg = Debug|Any CPU
		{1732EDE0-E25A-4670-8F00-CAD135460203}.Debug|Any CPU.Build.0 = Debug|Any CPU
		{1732EDE0-E25A-4670-8F00-CAD135460203}.Debug|iPhone.ActiveCfg = Debug|Any CPU
		{1732EDE0-E25A-4670-8F00-CAD135460203}.Debug|iPhone.Build.0 = Debug|Any CPU
		{1732EDE0-E25A-4670-8F00-CAD135460203}.Debug|iPhoneSimulator.ActiveCfg = Debug|Any CPU
		{1732EDE0-E25A-4670-8F00-CAD135460203}.Debug|iPhoneSimulator.Build.0 = Debug|Any CPU
		{1732EDE0-E25A-4670-8F00-CAD135460203}.Release|Any CPU.ActiveCfg = Release|Any CPU
		{1732EDE0-E25A-4670-8F00-CAD135460203}.Release|Any CPU.Build.0 = Release|Any CPU
		{1732EDE0-E25A-4670-8F00-CAD135460203}.Release|iPhone.ActiveCfg = Release|Any CPU
		{1732EDE0-E25A-4670-8F00-CAD135460203}.Release|iPhone.Build.0 = Release|Any CPU
		{1732EDE0-E25A-4670-8F00-CAD135460203}.Release|iPhoneSimulator.ActiveCfg = Release|Any CPU
		{1732EDE0-E25A-4670-8F00-CAD135460203}.Release|iPhoneSimulator.Build.0 = Release|Any CPU
		{15E3677A-DDB0-4D00-99D4-B43B414C67E5}.Debug|Any CPU.ActiveCfg = Debug|Any CPU
		{15E3677A-DDB0-4D00-99D4-B43B414C67E5}.Debug|Any CPU.Build.0 = Debug|Any CPU
		{15E3677A-DDB0-4D00-99D4-B43B414C67E5}.Debug|iPhone.ActiveCfg = Debug|Any CPU
		{15E3677A-DDB0-4D00-99D4-B43B414C67E5}.Debug|iPhone.Build.0 = Debug|Any CPU
		{15E3677A-DDB0-4D00-99D4-B43B414C67E5}.Debug|iPhoneSimulator.ActiveCfg = Debug|Any CPU
		{15E3677A-DDB0-4D00-99D4-B43B414C67E5}.Debug|iPhoneSimulator.Build.0 = Debug|Any CPU
		{15E3677A-DDB0-4D00-99D4-B43B414C67E5}.Release|Any CPU.ActiveCfg = Release|Any CPU
		{15E3677A-DDB0-4D00-99D4-B43B414C67E5}.Release|Any CPU.Build.0 = Release|Any CPU
		{15E3677A-DDB0-4D00-99D4-B43B414C67E5}.Release|iPhone.ActiveCfg = Release|Any CPU
		{15E3677A-DDB0-4D00-99D4-B43B414C67E5}.Release|iPhone.Build.0 = Release|Any CPU
		{15E3677A-DDB0-4D00-99D4-B43B414C67E5}.Release|iPhoneSimulator.ActiveCfg = Release|Any CPU
		{15E3677A-DDB0-4D00-99D4-B43B414C67E5}.Release|iPhoneSimulator.Build.0 = Release|Any CPU
		{9552DF18-6712-4934-9C0E-8FCFE1A41D66}.Debug|Any CPU.ActiveCfg = Debug|Any CPU
		{9552DF18-6712-4934-9C0E-8FCFE1A41D66}.Debug|Any CPU.Build.0 = Debug|Any CPU
		{9552DF18-6712-4934-9C0E-8FCFE1A41D66}.Debug|iPhone.ActiveCfg = Debug|Any CPU
		{9552DF18-6712-4934-9C0E-8FCFE1A41D66}.Debug|iPhone.Build.0 = Debug|Any CPU
		{9552DF18-6712-4934-9C0E-8FCFE1A41D66}.Debug|iPhoneSimulator.ActiveCfg = Debug|Any CPU
		{9552DF18-6712-4934-9C0E-8FCFE1A41D66}.Debug|iPhoneSimulator.Build.0 = Debug|Any CPU
		{9552DF18-6712-4934-9C0E-8FCFE1A41D66}.Release|Any CPU.ActiveCfg = Release|Any CPU
		{9552DF18-6712-4934-9C0E-8FCFE1A41D66}.Release|Any CPU.Build.0 = Release|Any CPU
		{9552DF18-6712-4934-9C0E-8FCFE1A41D66}.Release|iPhone.ActiveCfg = Release|Any CPU
		{9552DF18-6712-4934-9C0E-8FCFE1A41D66}.Release|iPhone.Build.0 = Release|Any CPU
		{9552DF18-6712-4934-9C0E-8FCFE1A41D66}.Release|iPhoneSimulator.ActiveCfg = Release|Any CPU
		{9552DF18-6712-4934-9C0E-8FCFE1A41D66}.Release|iPhoneSimulator.Build.0 = Release|Any CPU
		{021285C8-4154-45B7-8023-2DB344D4B583}.Debug|Any CPU.ActiveCfg = Debug|Any CPU
		{021285C8-4154-45B7-8023-2DB344D4B583}.Debug|Any CPU.Build.0 = Debug|Any CPU
		{021285C8-4154-45B7-8023-2DB344D4B583}.Debug|Any CPU.Deploy.0 = Debug|Any CPU
		{021285C8-4154-45B7-8023-2DB344D4B583}.Debug|iPhone.ActiveCfg = Debug|Any CPU
		{021285C8-4154-45B7-8023-2DB344D4B583}.Debug|iPhone.Build.0 = Debug|Any CPU
		{021285C8-4154-45B7-8023-2DB344D4B583}.Debug|iPhone.Deploy.0 = Debug|Any CPU
		{021285C8-4154-45B7-8023-2DB344D4B583}.Debug|iPhoneSimulator.ActiveCfg = Debug|Any CPU
		{021285C8-4154-45B7-8023-2DB344D4B583}.Debug|iPhoneSimulator.Build.0 = Debug|Any CPU
		{021285C8-4154-45B7-8023-2DB344D4B583}.Debug|iPhoneSimulator.Deploy.0 = Debug|Any CPU
		{021285C8-4154-45B7-8023-2DB344D4B583}.Release|Any CPU.ActiveCfg = Release|Any CPU
		{021285C8-4154-45B7-8023-2DB344D4B583}.Release|Any CPU.Build.0 = Release|Any CPU
		{021285C8-4154-45B7-8023-2DB344D4B583}.Release|Any CPU.Deploy.0 = Release|Any CPU
		{021285C8-4154-45B7-8023-2DB344D4B583}.Release|iPhone.ActiveCfg = Release|Any CPU
		{021285C8-4154-45B7-8023-2DB344D4B583}.Release|iPhone.Build.0 = Release|Any CPU
		{021285C8-4154-45B7-8023-2DB344D4B583}.Release|iPhone.Deploy.0 = Release|Any CPU
		{021285C8-4154-45B7-8023-2DB344D4B583}.Release|iPhoneSimulator.ActiveCfg = Release|Any CPU
		{021285C8-4154-45B7-8023-2DB344D4B583}.Release|iPhoneSimulator.Build.0 = Release|Any CPU
		{021285C8-4154-45B7-8023-2DB344D4B583}.Release|iPhoneSimulator.Deploy.0 = Release|Any CPU
		{2F32B27A-1D40-41FA-9643-03273655D069}.Debug|Any CPU.ActiveCfg = Debug|iPhoneSimulator
		{2F32B27A-1D40-41FA-9643-03273655D069}.Debug|iPhone.ActiveCfg = Debug|iPhone
		{2F32B27A-1D40-41FA-9643-03273655D069}.Debug|iPhone.Build.0 = Debug|iPhone
		{2F32B27A-1D40-41FA-9643-03273655D069}.Debug|iPhoneSimulator.ActiveCfg = Debug|iPhoneSimulator
		{2F32B27A-1D40-41FA-9643-03273655D069}.Debug|iPhoneSimulator.Build.0 = Debug|iPhoneSimulator
		{2F32B27A-1D40-41FA-9643-03273655D069}.Release|Any CPU.ActiveCfg = Release|iPhoneSimulator
		{2F32B27A-1D40-41FA-9643-03273655D069}.Release|iPhone.ActiveCfg = Release|iPhone
		{2F32B27A-1D40-41FA-9643-03273655D069}.Release|iPhone.Build.0 = Release|iPhone
		{2F32B27A-1D40-41FA-9643-03273655D069}.Release|iPhoneSimulator.ActiveCfg = Release|iPhoneSimulator
		{2F32B27A-1D40-41FA-9643-03273655D069}.Release|iPhoneSimulator.Build.0 = Release|iPhoneSimulator
		{F4A12DED-5AC3-46DE-BD7C-C758B4DF8605}.Debug|Any CPU.ActiveCfg = Debug|Any CPU
		{F4A12DED-5AC3-46DE-BD7C-C758B4DF8605}.Debug|Any CPU.Build.0 = Debug|Any CPU
		{F4A12DED-5AC3-46DE-BD7C-C758B4DF8605}.Debug|iPhone.ActiveCfg = Debug|Any CPU
		{F4A12DED-5AC3-46DE-BD7C-C758B4DF8605}.Debug|iPhone.Build.0 = Debug|Any CPU
		{F4A12DED-5AC3-46DE-BD7C-C758B4DF8605}.Debug|iPhoneSimulator.ActiveCfg = Debug|Any CPU
		{F4A12DED-5AC3-46DE-BD7C-C758B4DF8605}.Debug|iPhoneSimulator.Build.0 = Debug|Any CPU
		{F4A12DED-5AC3-46DE-BD7C-C758B4DF8605}.Release|Any CPU.ActiveCfg = Release|Any CPU
		{F4A12DED-5AC3-46DE-BD7C-C758B4DF8605}.Release|Any CPU.Build.0 = Release|Any CPU
		{F4A12DED-5AC3-46DE-BD7C-C758B4DF8605}.Release|iPhone.ActiveCfg = Release|Any CPU
		{F4A12DED-5AC3-46DE-BD7C-C758B4DF8605}.Release|iPhone.Build.0 = Release|Any CPU
		{F4A12DED-5AC3-46DE-BD7C-C758B4DF8605}.Release|iPhoneSimulator.ActiveCfg = Release|Any CPU
		{F4A12DED-5AC3-46DE-BD7C-C758B4DF8605}.Release|iPhoneSimulator.Build.0 = Release|Any CPU
	EndGlobalSection
	GlobalSection(SolutionProperties) = preSolution
		HideSolutionNode = FALSE
	EndGlobalSection
	GlobalSection(NestedProjects) = preSolution
		{9A275958-8590-438A-97CF-1813173D5151} = {B822A51B-ED6B-4FF7-8A76-C0D7A4D4E031}
		{75060E68-1D3E-4B46-B49E-A47F3187197B} = {B822A51B-ED6B-4FF7-8A76-C0D7A4D4E031}
		{3666CD28-FCB0-4ED8-8821-2C1C3A1F00F1} = {B822A51B-ED6B-4FF7-8A76-C0D7A4D4E031}
		{7FC372F2-8B41-486F-87E2-139896E4C7E9} = {B822A51B-ED6B-4FF7-8A76-C0D7A4D4E031}
		{1732EDE0-E25A-4670-8F00-CAD135460203} = {B822A51B-ED6B-4FF7-8A76-C0D7A4D4E031}
		{B70AF737-A9E5-4E72-93C3-02A860B3293B} = {B822A51B-ED6B-4FF7-8A76-C0D7A4D4E031}
		{15E3677A-DDB0-4D00-99D4-B43B414C67E5} = {B70AF737-A9E5-4E72-93C3-02A860B3293B}
		{9552DF18-6712-4934-9C0E-8FCFE1A41D66} = {B70AF737-A9E5-4E72-93C3-02A860B3293B}
		{021285C8-4154-45B7-8023-2DB344D4B583} = {05FC3F2A-25C1-4597-9F72-FE323584B656}
		{2F32B27A-1D40-41FA-9643-03273655D069} = {05FC3F2A-25C1-4597-9F72-FE323584B656}
		{F4A12DED-5AC3-46DE-BD7C-C758B4DF8605} = {05FC3F2A-25C1-4597-9F72-FE323584B656}
	EndGlobalSection
	GlobalSection(ExtensibilityGlobals) = postSolution
		SolutionGuid = {D4FEDCFE-ACD5-4A8A-9C76-5E0477397A1B}
	EndGlobalSection
EndGlobal
