
Microsoft Visual Studio Solution File, Format Version 12.00
# Visual Studio Version 16
VisualStudioVersion = 16.0.31613.86
MinimumVisualStudioVersion = 10.0.40219.1
Project("{2150E333-8FDC-42A3-9474-1A3956D46DE8}") = "src", "src", "{52C8A479-F5F0-4393-B57D-20594718C1B4}"
EndProject
Project("{9A19103F-16F7-4668-BE54-9A1E7A4F7556}") = "Bitir.Api", "Bitir.Api\Bitir.Api.csproj", "{D0DD215D-9A36-45B0-B372-F241263B2897}"
EndProject
Project("{9A19103F-16F7-4668-BE54-9A1E7A4F7556}") = "Core", "Core\Core.csproj", "{48CEF129-166E-4585-B332-70ACF6D11750}"
EndProject
Project("{2150E333-8FDC-42A3-9474-1A3956D46DE8}") = "Modules", "Modules", "{4A7305F5-FC33-4089-83A2-1684D6452CCB}"
EndProject
Project("{9A19103F-16F7-4668-BE54-9A1E7A4F7556}") = "BaseModule", "BaseModule\BaseModule.csproj", "{33108383-D91A-4839-98DE-3B047E3C15ED}"
EndProject
Project("{9A19103F-16F7-4668-BE54-9A1E7A4F7556}") = "Bitir.Api.Module.Shared", "Bitir.Api.Module.Shared\Bitir.Api.Module.Shared.csproj", "{0DF0AB82-3328-4885-9BC2-A7BFF56358A2}"
EndProject
Project("{9A19103F-16F7-4668-BE54-9A1E7A4F7556}") = "AuthModule", "AuthModule\AuthModule.csproj", "{691B39E6-1BE1-47FB-9B34-D462EBC85743}"
EndProject
Project("{2150E333-8FDC-42A3-9474-1A3956D46DE8}") = "Mobile", "Mobile", "{05FC3F2A-25C1-4597-9F72-FE323584B656}"
EndProject
Project("{FAE04EC0-301F-11D3-BF4B-00C04F79EFBC}") = "Bitir.Mobile.Android", "Bitir.Mobile\Bitir.Mobile.Android\Bitir.Mobile.Android.csproj", "{021285C8-4154-45B7-8023-2DB344D4B583}"
EndProject
Project("{FAE04EC0-301F-11D3-BF4B-00C04F79EFBC}") = "Bitir.Mobile.iOS", "Bitir.Mobile\Bitir.Mobile.iOS\Bitir.Mobile.iOS.csproj", "{2F32B27A-1D40-41FA-9643-03273655D069}"
EndProject
Project("{9A19103F-16F7-4668-BE54-9A1E7A4F7556}") = "Bitir.Mobile", "Bitir.Mobile\Bitir.Mobile\Bitir.Mobile.csproj", "{F4A12DED-5AC3-46DE-BD7C-C758B4DF8605}"
EndProject
Project("{2150E333-8FDC-42A3-9474-1A3956D46DE8}") = "Infrasturcture", "Infrasturcture", "{3EB29545-A742-407E-95BC-5D626A1D95B5}"
EndProject
Project("{FAE04EC0-301F-11D3-BF4B-00C04F79EFBC}") = "Bitir.Data", "Bitir.Data\Bitir.Data.csproj", "{4D2A0386-9AD3-4DD6-BB5B-1B2519AF0964}"
EndProject
Project("{FAE04EC0-301F-11D3-BF4B-00C04F79EFBC}") = "Bitir.Data.Model", "Bitir.Data.Model\Bitir.Data.Model.csproj", "{70FC4876-E02E-4F7E-B14B-76DB6A1D1D5B}"
EndProject
Project("{2150E333-8FDC-42A3-9474-1A3956D46DE8}") = "Presentation", "Presentation", "{5EBFBDA3-0D5A-4F03-B8FD-21096354EAA1}"
EndProject
Project("{FAE04EC0-301F-11D3-BF4B-00C04F79EFBC}") = "ProductModule", "ProductModule\ProductModule.csproj", "{BC941374-B8C9-48E1-A3E5-74C25A056660}"
EndProject
Global
	GlobalSection(SolutionConfigurationPlatforms) = preSolution
		Debug|Any CPU = Debug|Any CPU
		Debug|iPhone = Debug|iPhone
		Debug|iPhoneSimulator = Debug|iPhoneSimulator
		Release|Any CPU = Release|Any CPU
		Release|iPhone = Release|iPhone
		Release|iPhoneSimulator = Release|iPhoneSimulator
	EndGlobalSection
	GlobalSection(ProjectConfigurationPlatforms) = postSolution
		{D0DD215D-9A36-45B0-B372-F241263B2897}.Debug|Any CPU.ActiveCfg = Debug|Any CPU
		{D0DD215D-9A36-45B0-B372-F241263B2897}.Debug|Any CPU.Build.0 = Debug|Any CPU
		{D0DD215D-9A36-45B0-B372-F241263B2897}.Debug|iPhone.ActiveCfg = Debug|Any CPU
		{D0DD215D-9A36-45B0-B372-F241263B2897}.Debug|iPhone.Build.0 = Debug|Any CPU
		{D0DD215D-9A36-45B0-B372-F241263B2897}.Debug|iPhoneSimulator.ActiveCfg = Debug|Any CPU
		{D0DD215D-9A36-45B0-B372-F241263B2897}.Debug|iPhoneSimulator.Build.0 = Debug|Any CPU
		{D0DD215D-9A36-45B0-B372-F241263B2897}.Release|Any CPU.ActiveCfg = Release|Any CPU
		{D0DD215D-9A36-45B0-B372-F241263B2897}.Release|Any CPU.Build.0 = Release|Any CPU
		{D0DD215D-9A36-45B0-B372-F241263B2897}.Release|iPhone.ActiveCfg = Release|Any CPU
		{D0DD215D-9A36-45B0-B372-F241263B2897}.Release|iPhone.Build.0 = Release|Any CPU
		{D0DD215D-9A36-45B0-B372-F241263B2897}.Release|iPhoneSimulator.ActiveCfg = Release|Any CPU
		{D0DD215D-9A36-45B0-B372-F241263B2897}.Release|iPhoneSimulator.Build.0 = Release|Any CPU
		{48CEF129-166E-4585-B332-70ACF6D11750}.Debug|Any CPU.ActiveCfg = Debug|Any CPU
		{48CEF129-166E-4585-B332-70ACF6D11750}.Debug|Any CPU.Build.0 = Debug|Any CPU
		{48CEF129-166E-4585-B332-70ACF6D11750}.Debug|iPhone.ActiveCfg = Debug|Any CPU
		{48CEF129-166E-4585-B332-70ACF6D11750}.Debug|iPhone.Build.0 = Debug|Any CPU
		{48CEF129-166E-4585-B332-70ACF6D11750}.Debug|iPhoneSimulator.ActiveCfg = Debug|Any CPU
		{48CEF129-166E-4585-B332-70ACF6D11750}.Debug|iPhoneSimulator.Build.0 = Debug|Any CPU
		{48CEF129-166E-4585-B332-70ACF6D11750}.Release|Any CPU.ActiveCfg = Release|Any CPU
		{48CEF129-166E-4585-B332-70ACF6D11750}.Release|Any CPU.Build.0 = Release|Any CPU
		{48CEF129-166E-4585-B332-70ACF6D11750}.Release|iPhone.ActiveCfg = Release|Any CPU
		{48CEF129-166E-4585-B332-70ACF6D11750}.Release|iPhone.Build.0 = Release|Any CPU
		{48CEF129-166E-4585-B332-70ACF6D11750}.Release|iPhoneSimulator.ActiveCfg = Release|Any CPU
		{48CEF129-166E-4585-B332-70ACF6D11750}.Release|iPhoneSimulator.Build.0 = Release|Any CPU
		{33108383-D91A-4839-98DE-3B047E3C15ED}.Debug|Any CPU.ActiveCfg = Debug|Any CPU
		{33108383-D91A-4839-98DE-3B047E3C15ED}.Debug|Any CPU.Build.0 = Debug|Any CPU
		{33108383-D91A-4839-98DE-3B047E3C15ED}.Debug|iPhone.ActiveCfg = Debug|Any CPU
		{33108383-D91A-4839-98DE-3B047E3C15ED}.Debug|iPhone.Build.0 = Debug|Any CPU
		{33108383-D91A-4839-98DE-3B047E3C15ED}.Debug|iPhoneSimulator.ActiveCfg = Debug|Any CPU
		{33108383-D91A-4839-98DE-3B047E3C15ED}.Debug|iPhoneSimulator.Build.0 = Debug|Any CPU
		{33108383-D91A-4839-98DE-3B047E3C15ED}.Release|Any CPU.ActiveCfg = Release|Any CPU
		{33108383-D91A-4839-98DE-3B047E3C15ED}.Release|Any CPU.Build.0 = Release|Any CPU
		{33108383-D91A-4839-98DE-3B047E3C15ED}.Release|iPhone.ActiveCfg = Release|Any CPU
		{33108383-D91A-4839-98DE-3B047E3C15ED}.Release|iPhone.Build.0 = Release|Any CPU
		{33108383-D91A-4839-98DE-3B047E3C15ED}.Release|iPhoneSimulator.ActiveCfg = Release|Any CPU
		{33108383-D91A-4839-98DE-3B047E3C15ED}.Release|iPhoneSimulator.Build.0 = Release|Any CPU
		{0DF0AB82-3328-4885-9BC2-A7BFF56358A2}.Debug|Any CPU.ActiveCfg = Debug|Any CPU
		{0DF0AB82-3328-4885-9BC2-A7BFF56358A2}.Debug|Any CPU.Build.0 = Debug|Any CPU
		{0DF0AB82-3328-4885-9BC2-A7BFF56358A2}.Debug|iPhone.ActiveCfg = Debug|Any CPU
		{0DF0AB82-3328-4885-9BC2-A7BFF56358A2}.Debug|iPhone.Build.0 = Debug|Any CPU
		{0DF0AB82-3328-4885-9BC2-A7BFF56358A2}.Debug|iPhoneSimulator.ActiveCfg = Debug|Any CPU
		{0DF0AB82-3328-4885-9BC2-A7BFF56358A2}.Debug|iPhoneSimulator.Build.0 = Debug|Any CPU
		{0DF0AB82-3328-4885-9BC2-A7BFF56358A2}.Release|Any CPU.ActiveCfg = Release|Any CPU
		{0DF0AB82-3328-4885-9BC2-A7BFF56358A2}.Release|Any CPU.Build.0 = Release|Any CPU
		{0DF0AB82-3328-4885-9BC2-A7BFF56358A2}.Release|iPhone.ActiveCfg = Release|Any CPU
		{0DF0AB82-3328-4885-9BC2-A7BFF56358A2}.Release|iPhone.Build.0 = Release|Any CPU
		{0DF0AB82-3328-4885-9BC2-A7BFF56358A2}.Release|iPhoneSimulator.ActiveCfg = Release|Any CPU
		{0DF0AB82-3328-4885-9BC2-A7BFF56358A2}.Release|iPhoneSimulator.Build.0 = Release|Any CPU
		{691B39E6-1BE1-47FB-9B34-D462EBC85743}.Debug|Any CPU.ActiveCfg = Debug|Any CPU
		{691B39E6-1BE1-47FB-9B34-D462EBC85743}.Debug|Any CPU.Build.0 = Debug|Any CPU
		{691B39E6-1BE1-47FB-9B34-D462EBC85743}.Debug|iPhone.ActiveCfg = Debug|Any CPU
		{691B39E6-1BE1-47FB-9B34-D462EBC85743}.Debug|iPhone.Build.0 = Debug|Any CPU
		{691B39E6-1BE1-47FB-9B34-D462EBC85743}.Debug|iPhoneSimulator.ActiveCfg = Debug|Any CPU
		{691B39E6-1BE1-47FB-9B34-D462EBC85743}.Debug|iPhoneSimulator.Build.0 = Debug|Any CPU
		{691B39E6-1BE1-47FB-9B34-D462EBC85743}.Release|Any CPU.ActiveCfg = Release|Any CPU
		{691B39E6-1BE1-47FB-9B34-D462EBC85743}.Release|Any CPU.Build.0 = Release|Any CPU
		{691B39E6-1BE1-47FB-9B34-D462EBC85743}.Release|iPhone.ActiveCfg = Release|Any CPU
		{691B39E6-1BE1-47FB-9B34-D462EBC85743}.Release|iPhone.Build.0 = Release|Any CPU
		{691B39E6-1BE1-47FB-9B34-D462EBC85743}.Release|iPhoneSimulator.ActiveCfg = Release|Any CPU
		{691B39E6-1BE1-47FB-9B34-D462EBC85743}.Release|iPhoneSimulator.Build.0 = Release|Any CPU
		{021285C8-4154-45B7-8023-2DB344D4B583}.Debug|Any CPU.ActiveCfg = Debug|Any CPU
		{021285C8-4154-45B7-8023-2DB344D4B583}.Debug|Any CPU.Build.0 = Debug|Any CPU
		{021285C8-4154-45B7-8023-2DB344D4B583}.Debug|Any CPU.Deploy.0 = Debug|Any CPU
		{021285C8-4154-45B7-8023-2DB344D4B583}.Debug|iPhone.ActiveCfg = Debug|Any CPU
		{021285C8-4154-45B7-8023-2DB344D4B583}.Debug|iPhone.Build.0 = Debug|Any CPU
		{021285C8-4154-45B7-8023-2DB344D4B583}.Debug|iPhone.Deploy.0 = Debug|Any CPU
		{021285C8-4154-45B7-8023-2DB344D4B583}.Debug|iPhoneSimulator.ActiveCfg = Debug|Any CPU
		{021285C8-4154-45B7-8023-2DB344D4B583}.Debug|iPhoneSimulator.Build.0 = Debug|Any CPU
		{021285C8-4154-45B7-8023-2DB344D4B583}.Debug|iPhoneSimulator.Deploy.0 = Debug|Any CPU
		{021285C8-4154-45B7-8023-2DB344D4B583}.Release|Any CPU.ActiveCfg = Release|Any CPU
		{021285C8-4154-45B7-8023-2DB344D4B583}.Release|Any CPU.Build.0 = Release|Any CPU
		{021285C8-4154-45B7-8023-2DB344D4B583}.Release|Any CPU.Deploy.0 = Release|Any CPU
		{021285C8-4154-45B7-8023-2DB344D4B583}.Release|iPhone.ActiveCfg = Release|Any CPU
		{021285C8-4154-45B7-8023-2DB344D4B583}.Release|iPhone.Build.0 = Release|Any CPU
		{021285C8-4154-45B7-8023-2DB344D4B583}.Release|iPhone.Deploy.0 = Release|Any CPU
		{021285C8-4154-45B7-8023-2DB344D4B583}.Release|iPhoneSimulator.ActiveCfg = Release|Any CPU
		{021285C8-4154-45B7-8023-2DB344D4B583}.Release|iPhoneSimulator.Build.0 = Release|Any CPU
		{021285C8-4154-45B7-8023-2DB344D4B583}.Release|iPhoneSimulator.Deploy.0 = Release|Any CPU
		{2F32B27A-1D40-41FA-9643-03273655D069}.Debug|Any CPU.ActiveCfg = Debug|iPhoneSimulator
		{2F32B27A-1D40-41FA-9643-03273655D069}.Debug|iPhone.ActiveCfg = Debug|iPhone
		{2F32B27A-1D40-41FA-9643-03273655D069}.Debug|iPhone.Build.0 = Debug|iPhone
		{2F32B27A-1D40-41FA-9643-03273655D069}.Debug|iPhoneSimulator.ActiveCfg = Debug|iPhoneSimulator
		{2F32B27A-1D40-41FA-9643-03273655D069}.Debug|iPhoneSimulator.Build.0 = Debug|iPhoneSimulator
		{2F32B27A-1D40-41FA-9643-03273655D069}.Release|Any CPU.ActiveCfg = Release|iPhoneSimulator
		{2F32B27A-1D40-41FA-9643-03273655D069}.Release|iPhone.ActiveCfg = Release|iPhone
		{2F32B27A-1D40-41FA-9643-03273655D069}.Release|iPhone.Build.0 = Release|iPhone
		{2F32B27A-1D40-41FA-9643-03273655D069}.Release|iPhoneSimulator.ActiveCfg = Release|iPhoneSimulator
		{2F32B27A-1D40-41FA-9643-03273655D069}.Release|iPhoneSimulator.Build.0 = Release|iPhoneSimulator
		{F4A12DED-5AC3-46DE-BD7C-C758B4DF8605}.Debug|Any CPU.ActiveCfg = Debug|Any CPU
		{F4A12DED-5AC3-46DE-BD7C-C758B4DF8605}.Debug|Any CPU.Build.0 = Debug|Any CPU
		{F4A12DED-5AC3-46DE-BD7C-C758B4DF8605}.Debug|iPhone.ActiveCfg = Debug|Any CPU
		{F4A12DED-5AC3-46DE-BD7C-C758B4DF8605}.Debug|iPhone.Build.0 = Debug|Any CPU
		{F4A12DED-5AC3-46DE-BD7C-C758B4DF8605}.Debug|iPhoneSimulator.ActiveCfg = Debug|Any CPU
		{F4A12DED-5AC3-46DE-BD7C-C758B4DF8605}.Debug|iPhoneSimulator.Build.0 = Debug|Any CPU
		{F4A12DED-5AC3-46DE-BD7C-C758B4DF8605}.Release|Any CPU.ActiveCfg = Release|Any CPU
		{F4A12DED-5AC3-46DE-BD7C-C758B4DF8605}.Release|Any CPU.Build.0 = Release|Any CPU
		{F4A12DED-5AC3-46DE-BD7C-C758B4DF8605}.Release|iPhone.ActiveCfg = Release|Any CPU
		{F4A12DED-5AC3-46DE-BD7C-C758B4DF8605}.Release|iPhone.Build.0 = Release|Any CPU
		{F4A12DED-5AC3-46DE-BD7C-C758B4DF8605}.Release|iPhoneSimulator.ActiveCfg = Release|Any CPU
		{F4A12DED-5AC3-46DE-BD7C-C758B4DF8605}.Release|iPhoneSimulator.Build.0 = Release|Any CPU
		{4D2A0386-9AD3-4DD6-BB5B-1B2519AF0964}.Debug|Any CPU.ActiveCfg = Debug|Any CPU
		{4D2A0386-9AD3-4DD6-BB5B-1B2519AF0964}.Debug|Any CPU.Build.0 = Debug|Any CPU
		{4D2A0386-9AD3-4DD6-BB5B-1B2519AF0964}.Debug|iPhone.ActiveCfg = Debug|Any CPU
		{4D2A0386-9AD3-4DD6-BB5B-1B2519AF0964}.Debug|iPhone.Build.0 = Debug|Any CPU
		{4D2A0386-9AD3-4DD6-BB5B-1B2519AF0964}.Debug|iPhoneSimulator.ActiveCfg = Debug|Any CPU
		{4D2A0386-9AD3-4DD6-BB5B-1B2519AF0964}.Debug|iPhoneSimulator.Build.0 = Debug|Any CPU
		{4D2A0386-9AD3-4DD6-BB5B-1B2519AF0964}.Release|Any CPU.ActiveCfg = Release|Any CPU
		{4D2A0386-9AD3-4DD6-BB5B-1B2519AF0964}.Release|Any CPU.Build.0 = Release|Any CPU
		{4D2A0386-9AD3-4DD6-BB5B-1B2519AF0964}.Release|iPhone.ActiveCfg = Release|Any CPU
		{4D2A0386-9AD3-4DD6-BB5B-1B2519AF0964}.Release|iPhone.Build.0 = Release|Any CPU
		{4D2A0386-9AD3-4DD6-BB5B-1B2519AF0964}.Release|iPhoneSimulator.ActiveCfg = Release|Any CPU
		{4D2A0386-9AD3-4DD6-BB5B-1B2519AF0964}.Release|iPhoneSimulator.Build.0 = Release|Any CPU
		{70FC4876-E02E-4F7E-B14B-76DB6A1D1D5B}.Debug|Any CPU.ActiveCfg = Debug|Any CPU
		{70FC4876-E02E-4F7E-B14B-76DB6A1D1D5B}.Debug|Any CPU.Build.0 = Debug|Any CPU
		{70FC4876-E02E-4F7E-B14B-76DB6A1D1D5B}.Debug|iPhone.ActiveCfg = Debug|Any CPU
		{70FC4876-E02E-4F7E-B14B-76DB6A1D1D5B}.Debug|iPhone.Build.0 = Debug|Any CPU
		{70FC4876-E02E-4F7E-B14B-76DB6A1D1D5B}.Debug|iPhoneSimulator.ActiveCfg = Debug|Any CPU
		{70FC4876-E02E-4F7E-B14B-76DB6A1D1D5B}.Debug|iPhoneSimulator.Build.0 = Debug|Any CPU
		{70FC4876-E02E-4F7E-B14B-76DB6A1D1D5B}.Release|Any CPU.ActiveCfg = Release|Any CPU
		{70FC4876-E02E-4F7E-B14B-76DB6A1D1D5B}.Release|Any CPU.Build.0 = Release|Any CPU
		{70FC4876-E02E-4F7E-B14B-76DB6A1D1D5B}.Release|iPhone.ActiveCfg = Release|Any CPU
		{70FC4876-E02E-4F7E-B14B-76DB6A1D1D5B}.Release|iPhone.Build.0 = Release|Any CPU
		{70FC4876-E02E-4F7E-B14B-76DB6A1D1D5B}.Release|iPhoneSimulator.ActiveCfg = Release|Any CPU
		{70FC4876-E02E-4F7E-B14B-76DB6A1D1D5B}.Release|iPhoneSimulator.Build.0 = Release|Any CPU
		{BC941374-B8C9-48E1-A3E5-74C25A056660}.Debug|Any CPU.ActiveCfg = Debug|Any CPU
		{BC941374-B8C9-48E1-A3E5-74C25A056660}.Debug|Any CPU.Build.0 = Debug|Any CPU
		{BC941374-B8C9-48E1-A3E5-74C25A056660}.Debug|iPhone.ActiveCfg = Debug|Any CPU
		{BC941374-B8C9-48E1-A3E5-74C25A056660}.Debug|iPhone.Build.0 = Debug|Any CPU
		{BC941374-B8C9-48E1-A3E5-74C25A056660}.Debug|iPhoneSimulator.ActiveCfg = Debug|Any CPU
		{BC941374-B8C9-48E1-A3E5-74C25A056660}.Debug|iPhoneSimulator.Build.0 = Debug|Any CPU
		{BC941374-B8C9-48E1-A3E5-74C25A056660}.Release|Any CPU.ActiveCfg = Release|Any CPU
		{BC941374-B8C9-48E1-A3E5-74C25A056660}.Release|Any CPU.Build.0 = Release|Any CPU
		{BC941374-B8C9-48E1-A3E5-74C25A056660}.Release|iPhone.ActiveCfg = Release|Any CPU
		{BC941374-B8C9-48E1-A3E5-74C25A056660}.Release|iPhone.Build.0 = Release|Any CPU
		{BC941374-B8C9-48E1-A3E5-74C25A056660}.Release|iPhoneSimulator.ActiveCfg = Release|Any CPU
		{BC941374-B8C9-48E1-A3E5-74C25A056660}.Release|iPhoneSimulator.Build.0 = Release|Any CPU
	EndGlobalSection
	GlobalSection(SolutionProperties) = preSolution
		HideSolutionNode = FALSE
	EndGlobalSection
	GlobalSection(NestedProjects) = preSolution
		{D0DD215D-9A36-45B0-B372-F241263B2897} = {5EBFBDA3-0D5A-4F03-B8FD-21096354EAA1}
		{48CEF129-166E-4585-B332-70ACF6D11750} = {3EB29545-A742-407E-95BC-5D626A1D95B5}
		{4A7305F5-FC33-4089-83A2-1684D6452CCB} = {52C8A479-F5F0-4393-B57D-20594718C1B4}
		{33108383-D91A-4839-98DE-3B047E3C15ED} = {4A7305F5-FC33-4089-83A2-1684D6452CCB}
		{0DF0AB82-3328-4885-9BC2-A7BFF56358A2} = {4A7305F5-FC33-4089-83A2-1684D6452CCB}
		{691B39E6-1BE1-47FB-9B34-D462EBC85743} = {4A7305F5-FC33-4089-83A2-1684D6452CCB}
		{05FC3F2A-25C1-4597-9F72-FE323584B656} = {5EBFBDA3-0D5A-4F03-B8FD-21096354EAA1}
		{021285C8-4154-45B7-8023-2DB344D4B583} = {05FC3F2A-25C1-4597-9F72-FE323584B656}
		{2F32B27A-1D40-41FA-9643-03273655D069} = {05FC3F2A-25C1-4597-9F72-FE323584B656}
		{F4A12DED-5AC3-46DE-BD7C-C758B4DF8605} = {05FC3F2A-25C1-4597-9F72-FE323584B656}
		{3EB29545-A742-407E-95BC-5D626A1D95B5} = {52C8A479-F5F0-4393-B57D-20594718C1B4}
		{4D2A0386-9AD3-4DD6-BB5B-1B2519AF0964} = {3EB29545-A742-407E-95BC-5D626A1D95B5}
		{70FC4876-E02E-4F7E-B14B-76DB6A1D1D5B} = {3EB29545-A742-407E-95BC-5D626A1D95B5}
		{5EBFBDA3-0D5A-4F03-B8FD-21096354EAA1} = {52C8A479-F5F0-4393-B57D-20594718C1B4}
		{BC941374-B8C9-48E1-A3E5-74C25A056660} = {4A7305F5-FC33-4089-83A2-1684D6452CCB}
	EndGlobalSection
	GlobalSection(ExtensibilityGlobals) = postSolution
		SolutionGuid = {A880CC8F-6808-467D-8473-C2D5D68F8C4E}
	EndGlobalSection
EndGlobal
